{
  "name": "esbuild-plugin-named-exports",
  "version": "1.0.0",
  "lockfileVersion": 1,
  "requires": true,
  "dependencies": {
    "@babel/code-frame": {
      "version": "7.12.13",
      "resolved": "https://bnpm.byted.org/@babel/code-frame/-/@babel/code-frame-7.12.13.tgz",
      "integrity": "sha1-3PyCa+72XnXFDiHTg319lXmN1lg=",
      "requires": {
        "@babel/highlight": "^7.12.13"
      }
    },
    "@babel/helper-validator-identifier": {
      "version": "7.14.0",
      "resolved": "https://bnpm.byted.org/@babel/helper-validator-identifier/-/@babel/helper-validator-identifier-7.14.0.tgz",
      "integrity": "sha1-0mytikfGUoaxXfFUcxml0Lzycog="
    },
    "@babel/highlight": {
      "version": "7.14.0",
      "resolved": "https://bnpm.byted.org/@babel/highlight/-/@babel/highlight-7.14.0.tgz",
      "integrity": "sha1-MZfjdXEe9r+DTmfQ2uyI5PRhE88=",
      "requires": {
        "@babel/helper-validator-identifier": "^7.14.0",
        "chalk": "^2.0.0",
        "js-tokens": "^4.0.0"
      }
    },
    "@types/node": {
      "version": "15.6.1",
      "resolved": "https://bnpm.byted.org/@types/node/-/@types/node-15.6.1.tgz",
      "integrity": "sha1-MtQzkNXGLFtuxIapvJxZVE3jmgg="
    },
    "ansi-styles": {
      "version": "3.2.1",
      "resolved": "https://bnpm.byted.org/ansi-styles/-/ansi-styles-3.2.1.tgz",
      "integrity": "sha1-QfuyAkPlCxK+DwS43tvwdSDOhB0=",
      "requires": {
        "color-convert": "^1.9.0"
      }
    },
    "array-filter": {
      "version": "1.0.0",
      "resolved": "https://bnpm.byted.org/array-filter/-/array-filter-1.0.0.tgz",
      "integrity": "sha1-uveeYubvTCpMC4MSMtr/7CUfnYM="
    },
    "available-typed-arrays": {
      "version": "1.0.2",
      "resolved": "https://bnpm.byted.org/available-typed-arrays/-/available-typed-arrays-1.0.2.tgz",
      "integrity": "sha1-awmMqdgDkHnuP3f3t4PESAulE/U=",
      "requires": {
        "array-filter": "^1.0.0"
      }
    },
    "buffer-from": {
      "version": "1.1.1",
      "resolved": "https://bnpm.byted.org/buffer-from/-/buffer-from-1.1.1.tgz",
      "integrity": "sha1-MnE7wCj3XAL9txDXx7zsHyxgcO8="
    },
    "call-bind": {
      "version": "1.0.2",
      "resolved": "https://bnpm.byted.org/call-bind/-/call-bind-1.0.2.tgz",
      "integrity": "sha1-sdTonmiBGcPJqQOtMKuy9qkZvjw=",
      "requires": {
        "function-bind": "^1.1.1",
        "get-intrinsic": "^1.0.2"
      }
    },
    "chalk": {
      "version": "2.4.2",
      "resolved": "https://bnpm.byted.org/chalk/-/chalk-2.4.2.tgz",
      "integrity": "sha1-zUJUFnelQzPPVBpJEIwUMrRMlCQ=",
      "requires": {
        "ansi-styles": "^3.2.1",
        "escape-string-regexp": "^1.0.5",
        "supports-color": "^5.3.0"
      }
    },
    "cjs-module-lexer": {
      "version": "1.2.1",
      "resolved": "https://bnpm.byted.org/cjs-module-lexer/-/cjs-module-lexer-1.2.1.tgz",
      "integrity": "sha1-L9RtmQahJpZapUE0XEmaqhjozXM="
    },
    "color-convert": {
      "version": "1.9.3",
      "resolved": "https://bnpm.byted.org/color-convert/-/color-convert-1.9.3.tgz",
      "integrity": "sha1-u3GFBpDh8TZWfeYp0tVHHe2kweg=",
      "requires": {
        "color-name": "1.1.3"
      }
    },
    "color-name": {
      "version": "1.1.3",
      "resolved": "https://bnpm.byted.org/color-name/-/color-name-1.1.3.tgz",
      "integrity": "sha1-p9BVi9icQveV3UIyj3QIMcpTvCU="
    },
    "commander": {
      "version": "2.20.3",
      "resolved": "https://bnpm.byted.org/commander/-/commander-2.20.3.tgz",
      "integrity": "sha1-/UhehMA+tIgcIHIrpIA16FMa6zM="
    },
    "define-properties": {
      "version": "1.1.3",
      "resolved": "https://bnpm.byted.org/define-properties/-/define-properties-1.1.3.tgz",
      "integrity": "sha1-z4jabL7ib+bbcJT2HYcMvYTO6fE=",
      "requires": {
        "object-keys": "^1.0.12"
      }
    },
    "enhanced-resolve": {
      "version": "5.8.2",
      "resolved": "https://bnpm.byted.org/enhanced-resolve/-/enhanced-resolve-5.8.2.tgz",
      "integrity": "sha1-Fd3HeTRcu3PpfGEc0AwBwee/TYs=",
      "requires": {
        "graceful-fs": "^4.2.4",
        "tapable": "^2.2.0"
      }
    },
    "es-abstract": {
      "version": "1.18.0",
      "resolved": "https://bnpm.byted.org/es-abstract/-/es-abstract-1.18.0.tgz",
      "integrity": "sha1-q4CzWe7Lft5MKYAAOQvFrD7HtaQ=",
      "requires": {
        "call-bind": "^1.0.2",
        "es-to-primitive": "^1.2.1",
        "function-bind": "^1.1.1",
        "get-intrinsic": "^1.1.1",
        "has": "^1.0.3",
        "has-symbols": "^1.0.2",
        "is-callable": "^1.2.3",
        "is-negative-zero": "^2.0.1",
        "is-regex": "^1.1.2",
        "is-string": "^1.0.5",
        "object-inspect": "^1.9.0",
        "object-keys": "^1.1.1",
        "object.assign": "^4.1.2",
        "string.prototype.trimend": "^1.0.4",
        "string.prototype.trimstart": "^1.0.4",
        "unbox-primitive": "^1.0.0"
      }
    },
    "es-to-primitive": {
      "version": "1.2.1",
      "resolved": "https://bnpm.byted.org/es-to-primitive/-/es-to-primitive-1.2.1.tgz",
      "integrity": "sha1-5VzUyc3BiLzvsDs2bHNjI/xciYo=",
      "requires": {
        "is-callable": "^1.1.4",
        "is-date-object": "^1.0.1",
        "is-symbol": "^1.0.2"
      }
    },
    "escape-string-regexp": {
      "version": "1.0.5",
      "resolved": "https://bnpm.byted.org/escape-string-regexp/-/escape-string-regexp-1.0.5.tgz",
      "integrity": "sha1-G2HAViGQqN/2rjuyzwIAyhMLhtQ="
    },
    "foreach": {
      "version": "2.0.5",
      "resolved": "https://bnpm.byted.org/foreach/-/foreach-2.0.5.tgz",
      "integrity": "sha1-C+4AUBiusmDQo6865ljdATbsG5k="
    },
    "fsevents": {
      "version": "2.3.2",
      "resolved": "https://bnpm.byted.org/fsevents/-/fsevents-2.3.2.tgz",
      "integrity": "sha1-ilJveLj99GI7cJ4Ll1xSwkwC/Ro=",
      "optional": true
    },
    "function-bind": {
      "version": "1.1.1",
      "resolved": "https://bnpm.byted.org/function-bind/-/function-bind-1.1.1.tgz",
      "integrity": "sha1-pWiZ0+o8m6uHS7l3O3xe3pL0iV0="
    },
    "get-intrinsic": {
      "version": "1.1.1",
      "resolved": "https://bnpm.byted.org/get-intrinsic/-/get-intrinsic-1.1.1.tgz",
      "integrity": "sha1-FfWfN2+FXERpY5SPDSTNNje0q8Y=",
      "requires": {
        "function-bind": "^1.1.1",
        "has": "^1.0.3",
        "has-symbols": "^1.0.1"
      }
    },
    "graceful-fs": {
      "version": "4.2.6",
      "resolved": "https://bnpm.byted.org/graceful-fs/-/graceful-fs-4.2.6.tgz",
      "integrity": "sha1-/wQLKwhTsjw9MQJ1I3BvGIXXa+4="
    },
    "has": {
      "version": "1.0.3",
      "resolved": "https://bnpm.byted.org/has/-/has-1.0.3.tgz",
      "integrity": "sha1-ci18v8H2qoJB8W3YFOAR4fQeh5Y=",
      "requires": {
        "function-bind": "^1.1.1"
      }
    },
    "has-bigints": {
      "version": "1.0.1",
      "resolved": "https://bnpm.byted.org/has-bigints/-/has-bigints-1.0.1.tgz",
      "integrity": "sha1-ZP5qywIGc+O3jbA1pa9pqp0HsRM="
    },
    "has-flag": {
      "version": "3.0.0",
      "resolved": "https://bnpm.byted.org/has-flag/-/has-flag-3.0.0.tgz",
      "integrity": "sha1-tdRU3CGZriJWmfNGfloH87lVuv0="
    },
    "has-symbols": {
      "version": "1.0.2",
      "resolved": "https://bnpm.byted.org/has-symbols/-/has-symbols-1.0.2.tgz",
      "integrity": "sha1-Fl0wcMADCXUqEjakeTMeOsVvFCM="
    },
    "inherits": {
      "version": "2.0.4",
      "resolved": "https://bnpm.byted.org/inherits/-/inherits-2.0.4.tgz",
      "integrity": "sha1-D6LGT5MpF8NDOg3tVTY6rjdBa3w="
    },
    "is-arguments": {
      "version": "1.1.0",
      "resolved": "https://bnpm.byted.org/is-arguments/-/is-arguments-1.1.0.tgz",
      "integrity": "sha1-YjUwMd++4HzrNGVqa95Z7+yujdk=",
      "requires": {
        "call-bind": "^1.0.0"
      }
    },
    "is-bigint": {
      "version": "1.0.2",
      "resolved": "https://bnpm.byted.org/is-bigint/-/is-bigint-1.0.2.tgz",
      "integrity": "sha1-/7OBRCUDI1rSReqJ5Fs9v/BA7lo="
    },
    "is-boolean-object": {
      "version": "1.1.1",
      "resolved": "https://bnpm.byted.org/is-boolean-object/-/is-boolean-object-1.1.1.tgz",
      "integrity": "sha1-PAh48DXLghIo01DS4eNnGXFqPeg=",
      "requires": {
        "call-bind": "^1.0.2"
      }
    },
    "is-callable": {
      "version": "1.2.3",
      "resolved": "https://bnpm.byted.org/is-callable/-/is-callable-1.2.3.tgz",
      "integrity": "sha1-ix4FALc6HXbHBIdjbzaOUZ3o244="
    },
    "is-date-object": {
      "version": "1.0.4",
      "resolved": "https://bnpm.byted.org/is-date-object/-/is-date-object-1.0.4.tgz",
      "integrity": "sha1-VQz8wDr62gXuo90wmBx7CVUfc+U="
    },
    "is-generator-function": {
      "version": "1.0.9",
      "resolved": "https://bnpm.byted.org/is-generator-function/-/is-generator-function-1.0.9.tgz",
      "integrity": "sha1-5fgsIyNnPn/K09EoWMg8QDn2OZw="
    },
    "is-negative-zero": {
      "version": "2.0.1",
      "resolved": "https://bnpm.byted.org/is-negative-zero/-/is-negative-zero-2.0.1.tgz",
      "integrity": "sha1-PedGwY3aIxkkGlNnWQjY92bxHCQ="
    },
    "is-number-object": {
      "version": "1.0.5",
      "resolved": "https://bnpm.byted.org/is-number-object/-/is-number-object-1.0.5.tgz",
      "integrity": "sha1-bt+u7XlQz/Ga/tzp+/yp7m3Sies="
    },
    "is-regex": {
      "version": "1.1.3",
      "resolved": "https://bnpm.byted.org/is-regex/-/is-regex-1.1.3.tgz",
      "integrity": "sha1-0Cn5r/ZEi5Prvj8z2scVEf3L758=",
      "requires": {
        "call-bind": "^1.0.2",
        "has-symbols": "^1.0.2"
      }
    },
    "is-string": {
      "version": "1.0.6",
      "resolved": "https://bnpm.byted.org/is-string/-/is-string-1.0.6.tgz",
      "integrity": "sha1-P+XVmS+w2TQE8yWE1LAXmnG1Sl8="
    },
    "is-symbol": {
      "version": "1.0.4",
      "resolved": "https://bnpm.byted.org/is-symbol/-/is-symbol-1.0.4.tgz",
      "integrity": "sha1-ptrJO2NbBjymhyI23oiRClevE5w=",
      "requires": {
        "has-symbols": "^1.0.2"
      }
    },
    "is-typed-array": {
      "version": "1.1.5",
      "resolved": "https://bnpm.byted.org/is-typed-array/-/is-typed-array-1.1.5.tgz",
      "integrity": "sha1-8y5uCWRV4ynre0I4YkVqohPw604=",
      "requires": {
        "available-typed-arrays": "^1.0.2",
        "call-bind": "^1.0.2",
        "es-abstract": "^1.18.0-next.2",
        "foreach": "^2.0.5",
        "has-symbols": "^1.0.1"
      }
    },
    "jest-worker": {
      "version": "26.6.2",
      "resolved": "https://bnpm.byted.org/jest-worker/-/jest-worker-26.6.2.tgz",
      "integrity": "sha1-f3LLxNZDw2Xie5/XdfnQ6qnHqO0=",
      "requires": {
        "@types/node": "*",
        "merge-stream": "^2.0.0",
        "supports-color": "^7.0.0"
      },
      "dependencies": {
        "has-flag": {
          "version": "4.0.0",
          "resolved": "https://bnpm.byted.org/has-flag/-/has-flag-4.0.0.tgz",
          "integrity": "sha1-lEdx/ZyByBJlxNaUGGDaBrtZR5s="
        },
        "supports-color": {
          "version": "7.2.0",
          "resolved": "https://bnpm.byted.org/supports-color/-/supports-color-7.2.0.tgz",
          "integrity": "sha1-G33NyzK4E4gBs+R4umpRyqiWSNo=",
          "requires": {
            "has-flag": "^4.0.0"
          }
        }
      }
    },
    "js-tokens": {
      "version": "4.0.0",
      "resolved": "https://bnpm.byted.org/js-tokens/-/js-tokens-4.0.0.tgz",
      "integrity": "sha1-GSA/tZmR35jjoocFDUZHzerzJJk="
    },
    "merge-stream": {
      "version": "2.0.0",
      "resolved": "https://bnpm.byted.org/merge-stream/-/merge-stream-2.0.0.tgz",
      "integrity": "sha1-UoI2KaFN0AyXcPtq1H3GMQ8sH2A="
    },
    "object-inspect": {
      "version": "1.10.3",
      "resolved": "https://bnpm.byted.org/object-inspect/-/object-inspect-1.10.3.tgz",
      "integrity": "sha1-wqp9LQn1DJk3VwT3oK3yTFeC02k="
    },
    "object-keys": {
      "version": "1.1.1",
      "resolved": "https://bnpm.byted.org/object-keys/-/object-keys-1.1.1.tgz",
      "integrity": "sha1-HEfyct8nfzsdrwYWd9nILiMixg4="
    },
    "object.assign": {
      "version": "4.1.2",
      "resolved": "https://bnpm.byted.org/object.assign/-/object.assign-4.1.2.tgz",
      "integrity": "sha1-DtVKNC7Os3s4/3brgxoOeIy2OUA=",
      "requires": {
        "call-bind": "^1.0.0",
        "define-properties": "^1.1.3",
        "has-symbols": "^1.0.1",
        "object-keys": "^1.1.1"
      }
    },
    "randombytes": {
      "version": "2.1.0",
      "resolved": "https://bnpm.byted.org/randombytes/-/randombytes-2.1.0.tgz",
      "integrity": "sha1-32+ENy8CcNxlzfYpE0mrekc9Tyo=",
      "requires": {
        "safe-buffer": "^5.1.0"
      }
    },
    "rollup": {
      "version": "2.48.0",
      "resolved": "https://bnpm.byted.org/rollup/-/rollup-2.48.0.tgz",
      "integrity": "sha1-/OsB7XcfmR8p970v94OBRuVay3Q=",
      "requires": {
        "fsevents": "~2.3.1"
      }
    },
    "rollup-plugin-terser": {
      "version": "7.0.2",
      "resolved": "https://bnpm.byted.org/rollup-plugin-terser/-/rollup-plugin-terser-7.0.2.tgz",
      "integrity": "sha1-6Pu6SGmYGy3DWufopQLVxsBNMk0=",
      "requires": {
        "@babel/code-frame": "^7.10.4",
        "jest-worker": "^26.2.1",
        "serialize-javascript": "^4.0.0",
        "terser": "^5.0.0"
      }
    },
    "safe-buffer": {
      "version": "5.2.1",
      "resolved": "https://bnpm.byted.org/safe-buffer/-/safe-buffer-5.2.1.tgz",
      "integrity": "sha1-Hq+fqb2x/dTsdfWPnNtOa3gn7sY="
    },
    "serialize-javascript": {
      "version": "4.0.0",
      "resolved": "https://bnpm.byted.org/serialize-javascript/-/serialize-javascript-4.0.0.tgz",
      "integrity": "sha1-tSXhI4SJpez8Qq+sw/6Z5mb0sao=",
      "requires": {
        "randombytes": "^2.1.0"
      }
    },
    "source-map": {
      "version": "0.7.3",
      "resolved": "https://bnpm.byted.org/source-map/-/source-map-0.7.3.tgz",
      "integrity": "sha1-UwL4FpAxc1ImVECS5kmB91F1A4M="
    },
    "source-map-support": {
      "version": "0.5.19",
      "resolved": "https://bnpm.byted.org/source-map-support/-/source-map-support-0.5.19.tgz",
      "integrity": "sha1-qYti+G3K9PZzmWSMCFKRq56P7WE=",
      "requires": {
        "buffer-from": "^1.0.0",
        "source-map": "^0.6.0"
      },
      "dependencies": {
        "source-map": {
          "version": "0.6.1",
          "resolved": "https://bnpm.byted.org/source-map/-/source-map-0.6.1.tgz",
          "integrity": "sha1-dHIq8y6WFOnCh6jQu95IteLxomM="
        }
      }
    },
    "string.prototype.trimend": {
      "version": "1.0.4",
      "resolved": "https://bnpm.byted.org/string.prototype.trimend/-/string.prototype.trimend-1.0.4.tgz",
      "integrity": "sha1-51rpDClCxjUEaGwYsoe0oLGkX4A=",
      "requires": {
        "call-bind": "^1.0.2",
        "define-properties": "^1.1.3"
      }
    },
    "string.prototype.trimstart": {
      "version": "1.0.4",
      "resolved": "https://bnpm.byted.org/string.prototype.trimstart/-/string.prototype.trimstart-1.0.4.tgz",
      "integrity": "sha1-s2OZr0qymZtMnGSL16P7K7Jv7u0=",
      "requires": {
        "call-bind": "^1.0.2",
        "define-properties": "^1.1.3"
      }
    },
    "supports-color": {
      "version": "5.5.0",
      "resolved": "https://bnpm.byted.org/supports-color/-/supports-color-5.5.0.tgz",
      "integrity": "sha1-4uaaRKyHcveKHsCzW2id9lMO/I8=",
      "requires": {
        "has-flag": "^3.0.0"
      }
    },
    "tapable": {
      "version": "2.2.0",
      "resolved": "https://bnpm.byted.org/tapable/-/tapable-2.2.0.tgz",
      "integrity": "sha1-XDc9KB2cZyhIIT0OA30cQWWrQms="
    },
    "terser": {
      "version": "5.7.0",
      "resolved": "https://bnpm.byted.org/terser/-/terser-5.7.0.tgz",
      "integrity": "sha1-p2Hu7CBryHtgWrEwKYdurZOK5pM=",
      "requires": {
        "commander": "^2.20.0",
        "source-map": "~0.7.2",
        "source-map-support": "~0.5.19"
      }
    },
    "unbox-primitive": {
      "version": "1.0.1",
      "resolved": "https://bnpm.byted.org/unbox-primitive/-/unbox-primitive-1.0.1.tgz",
      "integrity": "sha1-CF4hViXsMWJXTciFmr7nilmxRHE=",
      "requires": {
        "function-bind": "^1.1.1",
        "has-bigints": "^1.0.1",
        "has-symbols": "^1.0.2",
        "which-boxed-primitive": "^1.0.2"
      }
    },
    "util": {
      "version": "0.12.3",
      "resolved": "https://bnpm.byted.org/util/-/util-0.12.3.tgz",
      "integrity": "sha1-lxuwKS0swMiS2rfGpdN8K+xweIg=",
      "requires": {
        "inherits": "^2.0.3",
        "is-arguments": "^1.0.4",
        "is-generator-function": "^1.0.7",
        "is-typed-array": "^1.1.3",
        "safe-buffer": "^5.1.2",
        "which-typed-array": "^1.1.2"
      }
    },
    "which-boxed-primitive": {
      "version": "1.0.2",
      "resolved": "https://bnpm.byted.org/which-boxed-primitive/-/which-boxed-primitive-1.0.2.tgz",
      "integrity": "sha1-E3V7yJsgmwSf5dhkMOIc9AqJqOY=",
      "requires": {
        "is-bigint": "^1.0.1",
        "is-boolean-object": "^1.1.0",
        "is-number-object": "^1.0.4",
        "is-string": "^1.0.5",
        "is-symbol": "^1.0.3"
      }
    },
    "which-typed-array": {
      "version": "1.1.4",
      "resolved": "https://bnpm.byted.org/which-typed-array/-/which-typed-array-1.1.4.tgz",
      "integrity": "sha1-j8t9PuWt8tdxBm+6fPN+Mv6HEf8=",
      "requires": {
        "available-typed-arrays": "^1.0.2",
        "call-bind": "^1.0.0",
        "es-abstract": "^1.18.0-next.1",
        "foreach": "^2.0.5",
        "function-bind": "^1.1.1",
        "has-symbols": "^1.0.1",
        "is-typed-array": "^1.1.3"
      }
    }
  }
}
